
Microsoft Visual Studio Solution File, Format Version 12.00
# Visual Studio Version 16
VisualStudioVersion = 16.0.31410.357
MinimumVisualStudioVersion = 10.0.40219.1
Project("{FAE04EC0-301F-11D3-BF4B-00C04F79EFBC}") = "BlazorLDAP", "BlazorLDAP\BlazorLDAP.csproj", "{9F451528-33F8-4ACE-8F9F-13A912B07173}"
EndProject
Global
	GlobalSection(SolutionConfigurationPlatforms) = preSolution
		Debug|Any CPU = Debug|Any CPU
		Release|Any CPU = Release|Any CPU
	EndGlobalSection
	GlobalSection(ProjectConfigurationPlatforms) = postSolution
		{9F451528-33F8-4ACE-8F9F-13A912B07173}.Debug|Any CPU.ActiveCfg = Debug|Any CPU
		{9F451528-33F8-4ACE-8F9F-13A912B07173}.Debug|Any CPU.Build.0 = Debug|Any CPU
		{9F451528-33F8-4ACE-8F9F-13A912B07173}.Release|Any CPU.ActiveCfg = Release|Any CPU
		{9F451528-33F8-4ACE-8F9F-13A912B07173}.Release|Any CPU.Build.0 = Release|Any CPU
	EndGlobalSection
	GlobalSection(SolutionProperties) = preSolution
		HideSolutionNode = FALSE
	EndGlobalSection
	GlobalSection(ExtensibilityGlobals) = postSolution
		SolutionGuid = {D6CB8773-8DF4-4DA8-840F-16426BA7DF57}
	EndGlobalSection
EndGlobal
